// !$*UTF8*$!
{
	archiveVersion = 1;
	classes = {
	};
	objectVersion = 46;
	objects = {

/* Begin PBXBuildFile section */
		69CFCB00726DD1AFF3300FF6 /* libPods.a in Frameworks */ = {isa = PBXBuildFile; fileRef = C2D1F23F85A047A78667F3E4 /* libPods.a */; };
		863B1C0C1C53340400E6BECC /* AppDelegate.swift in Sources */ = {isa = PBXBuildFile; fileRef = 863B1C0B1C53340400E6BECC /* AppDelegate.swift */; };
		863B1C0E1C53340400E6BECC /* ViewController.swift in Sources */ = {isa = PBXBuildFile; fileRef = 863B1C0D1C53340400E6BECC /* ViewController.swift */; };
		863B1C111C53340400E6BECC /* Main.storyboard in Resources */ = {isa = PBXBuildFile; fileRef = 863B1C0F1C53340400E6BECC /* Main.storyboard */; };
		863B1C131C53340400E6BECC /* Assets.xcassets in Resources */ = {isa = PBXBuildFile; fileRef = 863B1C121C53340400E6BECC /* Assets.xcassets */; };
		863B1C161C53340400E6BECC /* LaunchScreen.storyboard in Resources */ = {isa = PBXBuildFile; fileRef = 863B1C141C53340400E6BECC /* LaunchScreen.storyboard */; };
		863B1C211C53340400E6BECC /* pennapps_16spTests.swift in Sources */ = {isa = PBXBuildFile; fileRef = 863B1C201C53340400E6BECC /* pennapps_16spTests.swift */; };
/* End PBXBuildFile section */

/* Begin PBXContainerItemProxy section */
		863B1C1D1C53340400E6BECC /* PBXContainerItemProxy */ = {
			isa = PBXContainerItemProxy;
			containerPortal = 863B1C001C53340400E6BECC /* Project object */;
			proxyType = 1;
			remoteGlobalIDString = 863B1C071C53340400E6BECC;
			remoteInfo = "pennapps-16sp";
		};
/* End PBXContainerItemProxy section */

/* Begin PBXFileReference section */
		3F69AB583A53F475C9B20217 /* Pods.release.xcconfig */ = {isa = PBXFileReference; includeInIndex = 1; lastKnownFileType = text.xcconfig; name = Pods.release.xcconfig; path = "Pods/Target Support Files/Pods/Pods.release.xcconfig"; sourceTree = "<group>"; };
		863B1C081C53340400E6BECC /* pennapps-16sp.app */ = {isa = PBXFileReference; explicitFileType = wrapper.application; includeInIndex = 0; path = "pennapps-16sp.app"; sourceTree = BUILT_PRODUCTS_DIR; };
		863B1C0B1C53340400E6BECC /* AppDelegate.swift */ = {isa = PBXFileReference; lastKnownFileType = sourcecode.swift; path = AppDelegate.swift; sourceTree = "<group>"; };
		863B1C0D1C53340400E6BECC /* ViewController.swift */ = {isa = PBXFileReference; lastKnownFileType = sourcecode.swift; path = ViewController.swift; sourceTree = "<group>"; };
		863B1C101C53340400E6BECC /* Base */ = {isa = PBXFileReference; lastKnownFileType = file.storyboard; name = Base; path = Base.lproj/Main.storyboard; sourceTree = "<group>"; };
		863B1C121C53340400E6BECC /* Assets.xcassets */ = {isa = PBXFileReference; lastKnownFileType = folder.assetcatalog; path = Assets.xcassets; sourceTree = "<group>"; };
		863B1C151C53340400E6BECC /* Base */ = {isa = PBXFileReference; lastKnownFileType = file.storyboard; name = Base; path = Base.lproj/LaunchScreen.storyboard; sourceTree = "<group>"; };
		863B1C171C53340400E6BECC /* Info.plist */ = {isa = PBXFileReference; lastKnownFileType = text.plist.xml; path = Info.plist; sourceTree = "<group>"; };
		863B1C1C1C53340400E6BECC /* pennapps-16spTests.xctest */ = {isa = PBXFileReference; explicitFileType = wrapper.cfbundle; includeInIndex = 0; path = "pennapps-16spTests.xctest"; sourceTree = BUILT_PRODUCTS_DIR; };
		863B1C201C53340400E6BECC /* pennapps_16spTests.swift */ = {isa = PBXFileReference; lastKnownFileType = sourcecode.swift; path = pennapps_16spTests.swift; sourceTree = "<group>"; };
		863B1C221C53340400E6BECC /* Info.plist */ = {isa = PBXFileReference; lastKnownFileType = text.plist.xml; path = Info.plist; sourceTree = "<group>"; };
		A3517B5FDF77136418432E61 /* Pods.debug.xcconfig */ = {isa = PBXFileReference; includeInIndex = 1; lastKnownFileType = text.xcconfig; name = Pods.debug.xcconfig; path = "Pods/Target Support Files/Pods/Pods.debug.xcconfig"; sourceTree = "<group>"; };
		C2D1F23F85A047A78667F3E4 /* libPods.a */ = {isa = PBXFileReference; explicitFileType = archive.ar; includeInIndex = 0; path = libPods.a; sourceTree = BUILT_PRODUCTS_DIR; };
/* End PBXFileReference section */

/* Begin PBXFrameworksBuildPhase section */
		863B1C051C53340400E6BECC /* Frameworks */ = {
			isa = PBXFrameworksBuildPhase;
			buildActionMask = 2147483647;
			files = (
				69CFCB00726DD1AFF3300FF6 /* libPods.a in Frameworks */,
			);
			runOnlyForDeploymentPostprocessing = 0;
		};
		863B1C191C53340400E6BECC /* Frameworks */ = {
			isa = PBXFrameworksBuildPhase;
			buildActionMask = 2147483647;
			files = (
			);
			runOnlyForDeploymentPostprocessing = 0;
		};
/* End PBXFrameworksBuildPhase section */

/* Begin PBXGroup section */
		2FAD364FDA305CA378301DE2 /* Frameworks */ = {
			isa = PBXGroup;
			children = (
				C2D1F23F85A047A78667F3E4 /* libPods.a */,
			);
			name = Frameworks;
			sourceTree = "<group>";
		};
		863B1BFF1C53340400E6BECC = {
			isa = PBXGroup;
			children = (
				863B1C0A1C53340400E6BECC /* pennapps-16sp */,
				863B1C1F1C53340400E6BECC /* pennapps-16spTests */,
				863B1C091C53340400E6BECC /* Products */,
				94557DED05F946B2341446F9 /* Pods */,
				2FAD364FDA305CA378301DE2 /* Frameworks */,
			);
			sourceTree = "<group>";
		};
		863B1C091C53340400E6BECC /* Products */ = {
			isa = PBXGroup;
			children = (
				863B1C081C53340400E6BECC /* pennapps-16sp.app */,
				863B1C1C1C53340400E6BECC /* pennapps-16spTests.xctest */,
			);
			name = Products;
			sourceTree = "<group>";
		};
		863B1C0A1C53340400E6BECC /* pennapps-16sp */ = {
			isa = PBXGroup;
			children = (
				863B1C0B1C53340400E6BECC /* AppDelegate.swift */,
				863B1C0D1C53340400E6BECC /* ViewController.swift */,
				863B1C0F1C53340400E6BECC /* Main.storyboard */,
				863B1C121C53340400E6BECC /* Assets.xcassets */,
				863B1C141C53340400E6BECC /* LaunchScreen.storyboard */,
				863B1C171C53340400E6BECC /* Info.plist */,
			);
			path = "pennapps-16sp";
			sourceTree = "<group>";
		};
		863B1C1F1C53340400E6BECC /* pennapps-16spTests */ = {
			isa = PBXGroup;
			children = (
				863B1C201C53340400E6BECC /* pennapps_16spTests.swift */,
				863B1C221C53340400E6BECC /* Info.plist */,
			);
			path = "pennapps-16spTests";
			sourceTree = "<group>";
		};
		94557DED05F946B2341446F9 /* Pods */ = {
			isa = PBXGroup;
			children = (
				A3517B5FDF77136418432E61 /* Pods.debug.xcconfig */,
				3F69AB583A53F475C9B20217 /* Pods.release.xcconfig */,
			);
			name = Pods;
			sourceTree = "<group>";
		};
/* End PBXGroup section */

/* Begin PBXNativeTarget section */
		863B1C071C53340400E6BECC /* pennapps-16sp */ = {
			isa = PBXNativeTarget;
			buildConfigurationList = 863B1C251C53340400E6BECC /* Build configuration list for PBXNativeTarget "pennapps-16sp" */;
			buildPhases = (
				A7CA9821FB6CD238AE247843 /* Check Pods Manifest.lock */,
				863B1C041C53340400E6BECC /* Sources */,
				863B1C051C53340400E6BECC /* Frameworks */,
				863B1C061C53340400E6BECC /* Resources */,
				AE1AE97F6ACA94B43361900B /* Embed Pods Frameworks */,
				1576C3A21978951552C88A97 /* Copy Pods Resources */,
			);
			buildRules = (
			);
			dependencies = (
			);
			name = "pennapps-16sp";
			productName = "pennapps-16sp";
			productReference = 863B1C081C53340400E6BECC /* pennapps-16sp.app */;
			productType = "com.apple.product-type.application";
		};
		863B1C1B1C53340400E6BECC /* pennapps-16spTests */ = {
			isa = PBXNativeTarget;
			buildConfigurationList = 863B1C281C53340400E6BECC /* Build configuration list for PBXNativeTarget "pennapps-16spTests" */;
			buildPhases = (
				863B1C181C53340400E6BECC /* Sources */,
				863B1C191C53340400E6BECC /* Frameworks */,
				863B1C1A1C53340400E6BECC /* Resources */,
			);
			buildRules = (
			);
			dependencies = (
				863B1C1E1C53340400E6BECC /* PBXTargetDependency */,
			);
			name = "pennapps-16spTests";
			productName = "pennapps-16spTests";
			productReference = 863B1C1C1C53340400E6BECC /* pennapps-16spTests.xctest */;
			productType = "com.apple.product-type.bundle.unit-test";
		};
/* End PBXNativeTarget section */

/* Begin PBXProject section */
		863B1C001C53340400E6BECC /* Project object */ = {
			isa = PBXProject;
			attributes = {
				LastSwiftUpdateCheck = 0720;
				LastUpgradeCheck = 0720;
				ORGANIZATIONNAME = hack4impact;
				TargetAttributes = {
					863B1C071C53340400E6BECC = {
						CreatedOnToolsVersion = 7.2;
					};
					863B1C1B1C53340400E6BECC = {
						CreatedOnToolsVersion = 7.2;
						TestTargetID = 863B1C071C53340400E6BECC;
					};
				};
			};
			buildConfigurationList = 863B1C031C53340400E6BECC /* Build configuration list for PBXProject "pennapps-16sp" */;
			compatibilityVersion = "Xcode 3.2";
			developmentRegion = English;
			hasScannedForEncodings = 0;
			knownRegions = (
				en,
				Base,
			);
			mainGroup = 863B1BFF1C53340400E6BECC;
			productRefGroup = 863B1C091C53340400E6BECC /* Products */;
			projectDirPath = "";
			projectRoot = "";
			targets = (
				863B1C071C53340400E6BECC /* pennapps-16sp */,
				863B1C1B1C53340400E6BECC /* pennapps-16spTests */,
			);
		};
/* End PBXProject section */

/* Begin PBXResourcesBuildPhase section */
		863B1C061C53340400E6BECC /* Resources */ = {
			isa = PBXResourcesBuildPhase;
			buildActionMask = 2147483647;
			files = (
				863B1C161C53340400E6BECC /* LaunchScreen.storyboard in Resources */,
				863B1C131C53340400E6BECC /* Assets.xcassets in Resources */,
				863B1C111C53340400E6BECC /* Main.storyboard in Resources */,
			);
			runOnlyForDeploymentPostprocessing = 0;
		};
		863B1C1A1C53340400E6BECC /* Resources */ = {
			isa = PBXResourcesBuildPhase;
			buildActionMask = 2147483647;
			files = (
			);
			runOnlyForDeploymentPostprocessing = 0;
		};
/* End PBXResourcesBuildPhase section */

/* Begin PBXShellScriptBuildPhase section */
		1576C3A21978951552C88A97 /* Copy Pods Resources */ = {
			isa = PBXShellScriptBuildPhase;
			buildActionMask = 2147483647;
			files = (
			);
			inputPaths = (
			);
			name = "Copy Pods Resources";
			outputPaths = (
			);
			runOnlyForDeploymentPostprocessing = 0;
			shellPath = /bin/sh;
			shellScript = "\"${SRCROOT}/Pods/Target Support Files/Pods/Pods-resources.sh\"\n";
			showEnvVarsInLog = 0;
		};
		A7CA9821FB6CD238AE247843 /* Check Pods Manifest.lock */ = {
			isa = PBXShellScriptBuildPhase;
			buildActionMask = 2147483647;
			files = (
			);
			inputPaths = (
			);
			name = "Check Pods Manifest.lock";
			outputPaths = (
			);
			runOnlyForDeploymentPostprocessing = 0;
			shellPath = /bin/sh;
			shellScript = "diff \"${PODS_ROOT}/../Podfile.lock\" \"${PODS_ROOT}/Manifest.lock\" > /dev/null\nif [[ $? != 0 ]] ; then\n    cat << EOM\nerror: The sandbox is not in sync with the Podfile.lock. Run 'pod install' or update your CocoaPods installation.\nEOM\n    exit 1\nfi\n";
			showEnvVarsInLog = 0;
		};
		AE1AE97F6ACA94B43361900B /* Embed Pods Frameworks */ = {
			isa = PBXShellScriptBuildPhase;
			buildActionMask = 2147483647;
			files = (
			);
			inputPaths = (
			);
			name = "Embed Pods Frameworks";
			outputPaths = (
			);
			runOnlyForDeploymentPostprocessing = 0;
			shellPath = /bin/sh;
			shellScript = "\"${SRCROOT}/Pods/Target Support Files/Pods/Pods-frameworks.sh\"\n";
			showEnvVarsInLog = 0;
		};
/* End PBXShellScriptBuildPhase section */

/* Begin PBXSourcesBuildPhase section */
		863B1C041C53340400E6BECC /* Sources */ = {
			isa = PBXSourcesBuildPhase;
			buildActionMask = 2147483647;
			files = (
				863B1C0E1C53340400E6BECC /* ViewController.swift in Sources */,
				863B1C0C1C53340400E6BECC /* AppDelegate.swift in Sources */,
			);
			runOnlyForDeploymentPostprocessing = 0;
		};
		863B1C181C53340400E6BECC /* Sources */ = {
			isa = PBXSourcesBuildPhase;
			buildActionMask = 2147483647;
			files = (
				863B1C211C53340400E6BECC /* pennapps_16spTests.swift in Sources */,
			);
			runOnlyForDeploymentPostprocessing = 0;
		};
/* End PBXSourcesBuildPhase section */

/* Begin PBXTargetDependency section */
		863B1C1E1C53340400E6BECC /* PBXTargetDependency */ = {
			isa = PBXTargetDependency;
			target = 863B1C071C53340400E6BECC /* pennapps-16sp */;
			targetProxy = 863B1C1D1C53340400E6BECC /* PBXContainerItemProxy */;
		};
/* End PBXTargetDependency section */

/* Begin PBXVariantGroup section */
		863B1C0F1C53340400E6BECC /* Main.storyboard */ = {
			isa = PBXVariantGroup;
			children = (
				863B1C101C53340400E6BECC /* Base */,
			);
			name = Main.storyboard;
			sourceTree = "<group>";
		};
		863B1C141C53340400E6BECC /* LaunchScreen.storyboard */ = {
			isa = PBXVariantGroup;
			children = (
				863B1C151C53340400E6BECC /* Base */,
			);
			name = LaunchScreen.storyboard;
			sourceTree = "<group>";
		};
/* End PBXVariantGroup section */

/* Begin XCBuildConfiguration section */
		863B1C231C53340400E6BECC /* Debug */ = {
			isa = XCBuildConfiguration;
			buildSettings = {
				ALWAYS_SEARCH_USER_PATHS = NO;
				CLANG_CXX_LANGUAGE_STANDARD = "gnu++0x";
				CLANG_CXX_LIBRARY = "libc++";
				CLANG_ENABLE_MODULES = YES;
				CLANG_ENABLE_OBJC_ARC = YES;
				CLANG_WARN_BOOL_CONVERSION = YES;
				CLANG_WARN_CONSTANT_CONVERSION = YES;
				CLANG_WARN_DIRECT_OBJC_ISA_USAGE = YES_ERROR;
				CLANG_WARN_EMPTY_BODY = YES;
				CLANG_WARN_ENUM_CONVERSION = YES;
				CLANG_WARN_INT_CONVERSION = YES;
				CLANG_WARN_OBJC_ROOT_CLASS = YES_ERROR;
				CLANG_WARN_UNREACHABLE_CODE = YES;
				CLANG_WARN__DUPLICATE_METHOD_MATCH = YES;
				"CODE_SIGN_IDENTITY[sdk=iphoneos*]" = "iPhone Developer";
				COPY_PHASE_STRIP = NO;
				DEBUG_INFORMATION_FORMAT = dwarf;
				ENABLE_STRICT_OBJC_MSGSEND = YES;
				ENABLE_TESTABILITY = YES;
				GCC_C_LANGUAGE_STANDARD = gnu99;
				GCC_DYNAMIC_NO_PIC = NO;
				GCC_NO_COMMON_BLOCKS = YES;
				GCC_OPTIMIZATION_LEVEL = 0;
				GCC_PREPROCESSOR_DEFINITIONS = (
					"DEBUG=1",
					"$(inherited)",
				);
				GCC_WARN_64_TO_32_BIT_CONVERSION = YES;
				GCC_WARN_ABOUT_RETURN_TYPE = YES_ERROR;
				GCC_WARN_UNDECLARED_SELECTOR = YES;
				GCC_WARN_UNINITIALIZED_AUTOS = YES_AGGRESSIVE;
				GCC_WARN_UNUSED_FUNCTION = YES;
				GCC_WARN_UNUSED_VARIABLE = YES;
				IPHONEOS_DEPLOYMENT_TARGET = 9.2;
				MTL_ENABLE_DEBUG_INFO = YES;
				ONLY_ACTIVE_ARCH = YES;
				SDKROOT = iphoneos;
				SWIFT_OPTIMIZATION_LEVEL = "-Onone";
				TARGETED_DEVICE_FAMILY = "1,2";
			};
			name = Debug;
		};
		863B1C241C53340400E6BECC /* Release */ = {
			isa = XCBuildConfiguration;
			buildSettings = {
				ALWAYS_SEARCH_USER_PATHS = NO;
				CLANG_CXX_LANGUAGE_STANDARD = "gnu++0x";
				CLANG_CXX_LIBRARY = "libc++";
				CLANG_ENABLE_MODULES = YES;
				CLANG_ENABLE_OBJC_ARC = YES;
				CLANG_WARN_BOOL_CONVERSION = YES;
				CLANG_WARN_CONSTANT_CONVERSION = YES;
				CLANG_WARN_DIRECT_OBJC_ISA_USAGE = YES_ERROR;
				CLANG_WARN_EMPTY_BODY = YES;
				CLANG_WARN_ENUM_CONVERSION = YES;
				CLANG_WARN_INT_CONVERSION = YES;
				CLANG_WARN_OBJC_ROOT_CLASS = YES_ERROR;
				CLANG_WARN_UNREACHABLE_CODE = YES;
				CLANG_WARN__DUPLICATE_METHOD_MATCH = YES;
				"CODE_SIGN_IDENTITY[sdk=iphoneos*]" = "iPhone Developer";
				COPY_PHASE_STRIP = NO;
				DEBUG_INFORMATION_FORMAT = "dwarf-with-dsym";
				ENABLE_NS_ASSERTIONS = NO;
				ENABLE_STRICT_OBJC_MSGSEND = YES;
				GCC_C_LANGUAGE_STANDARD = gnu99;
				GCC_NO_COMMON_BLOCKS = YES;
				GCC_WARN_64_TO_32_BIT_CONVERSION = YES;
				GCC_WARN_ABOUT_RETURN_TYPE = YES_ERROR;
				GCC_WARN_UNDECLARED_SELECTOR = YES;
				GCC_WARN_UNINITIALIZED_AUTOS = YES_AGGRESSIVE;
				GCC_WARN_UNUSED_FUNCTION = YES;
				GCC_WARN_UNUSED_VARIABLE = YES;
				IPHONEOS_DEPLOYMENT_TARGET = 9.2;
				MTL_ENABLE_DEBUG_INFO = NO;
				SDKROOT = iphoneos;
				TARGETED_DEVICE_FAMILY = "1,2";
				VALIDATE_PRODUCT = YES;
			};
			name = Release;
		};
		863B1C261C53340400E6BECC /* Debug */ = {
			isa = XCBuildConfiguration;
			baseConfigurationReference = A3517B5FDF77136418432E61 /* Pods.debug.xcconfig */;
			buildSettings = {
				ASSETCATALOG_COMPILER_APPICON_NAME = AppIcon;
				INFOPLIST_FILE = "pennapps-16sp/Info.plist";
				LD_RUNPATH_SEARCH_PATHS = "$(inherited) @executable_path/Frameworks";
				PRODUCT_BUNDLE_IDENTIFIER = "h4i.pennapps-16sp";
				PRODUCT_NAME = "$(TARGET_NAME)";
			};
			name = Debug;
		};
		863B1C271C53340400E6BECC /* Release */ = {
			isa = XCBuildConfiguration;
			baseConfigurationReference = 3F69AB583A53F475C9B20217 /* Pods.release.xcconfig */;
			buildSettings = {
				ASSETCATALOG_COMPILER_APPICON_NAME = AppIcon;
				INFOPLIST_FILE = "pennapps-16sp/Info.plist";
				LD_RUNPATH_SEARCH_PATHS = "$(inherited) @executable_path/Frameworks";
				PRODUCT_BUNDLE_IDENTIFIER = "h4i.pennapps-16sp";
				PRODUCT_NAME = "$(TARGET_NAME)";
			};
			name = Release;
		};
		863B1C291C53340400E6BECC /* Debug */ = {
			isa = XCBuildConfiguration;
			buildSettings = {
				BUNDLE_LOADER = "$(TEST_HOST)";
				INFOPLIST_FILE = "pennapps-16spTests/Info.plist";
				LD_RUNPATH_SEARCH_PATHS = "$(inherited) @executable_path/Frameworks @loader_path/Frameworks";
				PRODUCT_BUNDLE_IDENTIFIER = "h4i.pennapps-16spTests";
				PRODUCT_NAME = "$(TARGET_NAME)";
				TEST_HOST = "$(BUILT_PRODUCTS_DIR)/pennapps-16sp.app/pennapps-16sp";
			};
			name = Debug;
		};
		863B1C2A1C53340400E6BECC /* Release */ = {
			isa = XCBuildConfiguration;
			buildSettings = {
				BUNDLE_LOADER = "$(TEST_HOST)";
				INFOPLIST_FILE = "pennapps-16spTests/Info.plist";
				LD_RUNPATH_SEARCH_PATHS = "$(inherited) @executable_path/Frameworks @loader_path/Frameworks";
				PRODUCT_BUNDLE_IDENTIFIER = "h4i.pennapps-16spTests";
				PRODUCT_NAME = "$(TARGET_NAME)";
				TEST_HOST = "$(BUILT_PRODUCTS_DIR)/pennapps-16sp.app/pennapps-16sp";
			};
			name = Release;
		};
/* End XCBuildConfiguration section */

/* Begin XCConfigurationList section */
		863B1C031C53340400E6BECC /* Build configuration list for PBXProject "pennapps-16sp" */ = {
			isa = XCConfigurationList;
			buildConfigurations = (
				863B1C231C53340400E6BECC /* Debug */,
				863B1C241C53340400E6BECC /* Release */,
			);
			defaultConfigurationIsVisible = 0;
			defaultConfigurationName = Release;
		};
		863B1C251C53340400E6BECC /* Build configuration list for PBXNativeTarget "pennapps-16sp" */ = {
			isa = XCConfigurationList;
			buildConfigurations = (
				863B1C261C53340400E6BECC /* Debug */,
				863B1C271C53340400E6BECC /* Release */,
			);
			defaultConfigurationIsVisible = 0;
			defaultConfigurationName = Release;
		};
		863B1C281C53340400E6BECC /* Build configuration list for PBXNativeTarget "pennapps-16spTests" */ = {
			isa = XCConfigurationList;
			buildConfigurations = (
				863B1C291C53340400E6BECC /* Debug */,
				863B1C2A1C53340400E6BECC /* Release */,
			);
			defaultConfigurationIsVisible = 0;
			defaultConfigurationName = Release;
		};
/* End XCConfigurationList section */
	};
	rootObject = 863B1C001C53340400E6BECC /* Project object */;
}
